<?xml version="1.0" encoding="utf-8"?>
<Project ToolsVersion="4.0" xmlns="http://schemas.microsoft.com/developer/msbuild/2003">
  <ItemGroup>
    <Filter Include="소스 파일">
      <UniqueIdentifier>{4FC737F1-C7A5-4376-A066-2A32D752A2FF}</UniqueIdentifier>
      <Extensions>cpp;c;cc;cxx;def;odl;idl;hpj;bat;asm;asmx</Extensions>
    </Filter>
    <Filter Include="헤더 파일">
      <UniqueIdentifier>{93995380-89BD-4b04-88EB-625FBE52EBFB}</UniqueIdentifier>
      <Extensions>h;hh;hpp;hxx;hm;inl;inc;ipp;xsd</Extensions>
    </Filter>
    <Filter Include="리소스 파일">
      <UniqueIdentifier>{67DA6AB6-F800-4c08-8B7A-83BB121AAD01}</UniqueIdentifier>
      <Extensions>rc;ico;cur;bmp;dlg;rc2;rct;bin;rgs;gif;jpg;jpeg;jpe;resx;tiff;tif;png;wav;mfcribbon-ms</Extensions>
    </Filter>
  </ItemGroup>
  <ItemGroup>
    <ClCompile Include="o_church.cpp">
      <Filter>소스 파일</Filter>
    </ClCompile>
    <ClCompile Include="o_company.cpp">
      <Filter>소스 파일</Filter>
    </ClCompile>
    <ClCompile Include="o_hospital.cpp">
      <Filter>소스 파일</Filter>
    </ClCompile>
    <ClCompile Include="o_hotel.cpp">
      <Filter>소스 파일</Filter>
    </ClCompile>
    <ClCompile Include="o_lotte.cpp">
      <Filter>소스 파일</Filter>
    </ClCompile>
    <ClCompile Include="a_main.cpp">
      <Filter>소스 파일</Filter>
    </ClCompile>
    <ClCompile Include="o_river.cpp">
      <Filter>소스 파일</Filter>
    </ClCompile>
    <ClCompile Include="o_round_apart.cpp">
      <Filter>소스 파일</Filter>
    </ClCompile>
    <ClCompile Include="p_clocktower.cpp">
      <Filter>소스 파일</Filter>
    </ClCompile>
    <ClCompile Include="p_niceapart.cpp">
      <Filter>소스 파일</Filter>
    </ClCompile>
    <ClCompile Include="p_squareapart.cpp">
      <Filter>소스 파일</Filter>
    </ClCompile>
    <ClCompile Include="n_apartment.cpp">
      <Filter>소스 파일</Filter>
    </ClCompile>
    <ClCompile Include="n_.bigtree.cpp">
      <Filter>소스 파일</Filter>
    </ClCompile>
    <ClCompile Include="n_house.cpp">
      <Filter>소스 파일</Filter>
    </ClCompile>
    <ClCompile Include="n_smalltree.cpp">
      <Filter>소스 파일</Filter>
    </ClCompile>
    <ClCompile Include="n_cu.cpp">
      <Filter>소스 파일</Filter>
    </ClCompile>
    <ClCompile Include="n_twinbuilding.cpp">
      <Filter>소스 파일</Filter>
    </ClCompile>
    <ClCompile Include="j_eiffeltower.cpp">
      <Filter>소스 파일</Filter>
    </ClCompile>
    <ClCompile Include="j_gasstation.cpp">
      <Filter>소스 파일</Filter>
    </ClCompile>
    <ClCompile Include="j_parthenon.cpp">
      <Filter>소스 파일</Filter>
    </ClCompile>
    <ClCompile Include="j_limeorange_apart_merge.cpp">
      <Filter>소스 파일</Filter>
    </ClCompile>
    <ClCompile Include="o_road_merge.cpp">
      <Filter>소스 파일</Filter>
    </ClCompile>
    <ClCompile Include="n_house_merge.cpp">
      <Filter>소스 파일</Filter>
    </ClCompile>
    <ClCompile Include="n_modernhouse_merge.cpp">
      <Filter>소스 파일</Filter>
    </ClCompile>
    <ClCompile Include="p_spiral_merge.cpp">
      <Filter>소스 파일</Filter>
    </ClCompile>
    <ClCompile Include="p_spiralgold_merge.cpp">
      <Filter>소스 파일</Filter>
    </ClCompile>
    <ClCompile Include="p_bridge_merge.cpp">
      <Filter>소스 파일</Filter>
    </ClCompile>
    <ClCompile Include="n_fountain_merge.cpp">
      <Filter>소스 파일</Filter>
    </ClCompile>
    <ClCompile Include="j_bus_merge.cpp">
      <Filter>소스 파일</Filter>
    </ClCompile>
    <ClCompile Include="p_car_merge.cpp">
      <Filter>소스 파일</Filter>
    </ClCompile>
    <ClCompile Include="b_nahyun.cpp">
      <Filter>소스 파일</Filter>
    </ClCompile>
    <ClCompile Include="b_yangho.cpp">
      <Filter>소스 파일</Filter>
    </ClCompile>
    <ClCompile Include="b_jaeseong.cpp">
      <Filter>소스 파일</Filter>
    </ClCompile>
    <ClCompile Include="b_infra.cpp">
      <Filter>소스 파일</Filter>
    </ClCompile>
    <ClCompile Include="b_jihak.cpp">
      <Filter>소스 파일</Filter>
    </ClCompile>
    <ClCompile Include="j_stairhouse_merge.cpp">
      <Filter>소스 파일</Filter>
    </ClCompile>
  </ItemGroup>
  <ItemGroup>
    <ClInclude Include="yangho.h">
      <Filter>헤더 파일</Filter>
    </ClInclude>
    <ClInclude Include="jaeseong.h">
      <Filter>헤더 파일</Filter>
    </ClInclude>
    <ClInclude Include="nahyun.h">
      <Filter>헤더 파일</Filter>
    </ClInclude>
    <ClInclude Include="jihak.h">
      <Filter>헤더 파일</Filter>
    </ClInclude>
    <ClInclude Include="team.h">
      <Filter>헤더 파일</Filter>
    </ClInclude>
  </ItemGroup>
</Project>